
Microsoft Visual Studio Solution File, Format Version 12.00
# Visual Studio Version 16
VisualStudioVersion = 16.0.30523.141
MinimumVisualStudioVersion = 10.0.40219.1
Project("{FAE04EC0-301F-11D3-BF4B-00C04F79EFBC}") = "MultiplayerSeeChess", "MultiplayerSeeChess\MultiplayerSeeChess.csproj", "{AC480466-AD98-4359-86F6-89F54C74A17A}"
EndProject
Global
	GlobalSection(SolutionConfigurationPlatforms) = preSolution
		Debug|Any CPU = Debug|Any CPU
		Release|Any CPU = Release|Any CPU
	EndGlobalSection
	GlobalSection(ProjectConfigurationPlatforms) = postSolution
		{AC480466-AD98-4359-86F6-89F54C74A17A}.Debug|Any CPU.ActiveCfg = Debug|Any CPU
		{AC480466-AD98-4359-86F6-89F54C74A17A}.Debug|Any CPU.Build.0 = Debug|Any CPU
		{AC480466-AD98-4359-86F6-89F54C74A17A}.Release|Any CPU.ActiveCfg = Release|Any CPU
		{AC480466-AD98-4359-86F6-89F54C74A17A}.Release|Any CPU.Build.0 = Release|Any CPU
	EndGlobalSection
	GlobalSection(SolutionProperties) = preSolution
		HideSolutionNode = FALSE
	EndGlobalSection
	GlobalSection(ExtensibilityGlobals) = postSolution
		SolutionGuid = {0F878FC6-A612-4AFA-8821-66D4C8444B6C}
	EndGlobalSection
EndGlobal
